# This file is automatically @generated by Poetry and should not be changed by hand.

[[package]]
name = "asttokens"
version = "2.0.5"
description = "Annotate AST trees with source code positions"
category = "main"
optional = false
python-versions = "*"
files = [
    {file = "asttokens-2.0.5-py2.py3-none-any.whl", hash = "sha256:0844691e88552595a6f4a4281a9f7f79b8dd45ca4ccea82e5e05b4bbdb76705c"},
    {file = "asttokens-2.0.5.tar.gz", hash = "sha256:9a54c114f02c7a9480d56550932546a3f1fe71d8a02f1bc7ccd0ee3ee35cf4d5"},
]

[package.dependencies]
six = "*"

[package.extras]
test = ["astroid", "pytest"]

[[package]]
name = "cheap-repr"
version = "0.5.1"
description = "Better version of repr/reprlib for short, cheap string representations."
category = "main"
optional = false
python-versions = "*"
files = [
    {file = "cheap_repr-0.5.1-py2.py3-none-any.whl", hash = "sha256:30096998aeb49367a4a153988d7a99dce9dc59bbdd4b19740da6b4f3f97cf2ff"},
    {file = "cheap_repr-0.5.1.tar.gz", hash = "sha256:31ec63b9d8394aa23d746c8376c8307f75f9fca0b983566b8bcf13cc661fe6dd"},
]

[package.extras]
tests = ["Django", "Django (<2)", "Django (<3)", "chainmap", "numpy (>=1.16.3)", "numpy (>=1.16.3,<1.17)", "numpy (>=1.16.3,<1.19)", "pandas (>=0.24.2)", "pandas (>=0.24.2,<0.25)", "pandas (>=0.24.2,<0.26)", "pytest"]

[[package]]
name = "colorama"
version = "0.4.5"
description = "Cross-platform colored terminal text."
category = "main"
optional = false
python-versions = ">=2.7, !=3.0.*, !=3.1.*, !=3.2.*, !=3.3.*, !=3.4.*"
files = [
    {file = "colorama-0.4.5-py2.py3-none-any.whl", hash = "sha256:854bf444933e37f5824ae7bfc1e98d5bce2ebe4160d46b5edf346a89358e99da"},
    {file = "colorama-0.4.5.tar.gz", hash = "sha256:e6c6b4334fc50988a639d9b98aa429a0b57da6e17b9a44f0451f930b6967b7a4"},
]

[[package]]
name = "commonmark"
version = "0.9.1"
description = "Python parser for the CommonMark Markdown spec"
category = "main"
optional = false
python-versions = "*"
files = [
    {file = "commonmark-0.9.1-py2.py3-none-any.whl", hash = "sha256:da2f38c92590f83de410ba1a3cbceafbc74fee9def35f9251ba9a971d6d66fd9"},
    {file = "commonmark-0.9.1.tar.gz", hash = "sha256:452f9dc859be7f06631ddcb328b6919c67984aca654e5fefb3914d54691aed60"},
]

[package.extras]
test = ["flake8 (==3.7.8)", "hypothesis (==3.55.3)"]

[[package]]
name = "deepdiff"
version = "6.2.3"
description = "Deep Difference and Search of any Python object/data. Recreate objects by adding adding deltas to each other."
category = "main"
optional = false
python-versions = ">=3.7"
files = [
    {file = "deepdiff-6.2.3-py3-none-any.whl", hash = "sha256:d83b06e043447d6770860a635abecb46e849b0494c43ced2ecafda7628c7ce72"},
    {file = "deepdiff-6.2.3.tar.gz", hash = "sha256:a02aaa8171351eba675cff5f795ec7a90987f86ad5449553308d4e18df57dc3d"},
]

[package.dependencies]
ordered-set = ">=4.0.2,<4.2.0"
orjson = "*"

[package.extras]
cli = ["click (==8.1.3)", "pyyaml (==6.0)"]

[[package]]
name = "executing"
version = "0.8.3"
description = "Get the currently executing AST node of a frame, and other information"
category = "main"
optional = false
python-versions = "*"
files = [
    {file = "executing-0.8.3-py2.py3-none-any.whl", hash = "sha256:d1eef132db1b83649a3905ca6dd8897f71ac6f8cac79a7e58a1a09cf137546c9"},
    {file = "executing-0.8.3.tar.gz", hash = "sha256:c6554e21c6b060590a6d3be4b82fb78f8f0194d809de5ea7df1c093763311501"},
]

[[package]]
name = "friendly-traceback"
version = "0.5.46"
description = "Friendlier tracebacks in any language."
category = "main"
optional = false
python-versions = ">=3.6"
files = [
    {file = "friendly-traceback-0.5.46.tar.gz", hash = "sha256:175865eb69ed624c8f6ed064a56a8d6d0803e5a8c2bfcf234176865b742432d8"},
    {file = "friendly_traceback-0.5.46-py3-none-any.whl", hash = "sha256:b2f43ea10846860a0381c7f343acb4b4678b2bc93fd1641287a1db9238306add"},
]

[package.dependencies]
asttokens = ">=2.0.4"
executing = ">=0.8.3"
pure-eval = ">=0.2.1"
stack-data = ">=0.2.0"

[[package]]
name = "icecream"
version = "2.1.2"
description = "Never use print() to debug again; inspect variables, expressions, and program execution with a single, simple function call."
category = "main"
optional = false
python-versions = "*"
files = [
    {file = "icecream-2.1.2-py2.py3-none-any.whl", hash = "sha256:04b9cea4d9931cf6960db0430ebf11fa34464ce7152e384ddf50f96d25b201b4"},
    {file = "icecream-2.1.2.tar.gz", hash = "sha256:09300b2d1c678712410cbd47c95198eb1b580f66f311a554ccd6b9e758ece0ee"},
]

[package.dependencies]
asttokens = ">=2.0.1"
colorama = ">=0.3.9"
executing = ">=0.3.1"
pygments = ">=2.2.0"

[[package]]
name = "inputimeout"
version = "1.0.4"
description = "Multi platform standard input with timeout"
category = "main"
optional = false
python-versions = ">=3.4"
files = [
    {file = "inputimeout-1.0.4-py3-none-any.whl", hash = "sha256:f4e23d27753cfc25268eefc8d52a3edc46280ad831d226617c51882423475a43"},
]

[[package]]
name = "objprint"
version = "0.2.2"
description = "A library that can print Python objects in human readable format"
category = "main"
optional = false
python-versions = ">=3.6"
files = [
    {file = "objprint-0.2.2-py3-none-any.whl", hash = "sha256:9f50bb3b7cbe95b6d22c79e4f08a5273e3f7e5ff5ce35e146f6e7854abd276a0"},
    {file = "objprint-0.2.2.tar.gz", hash = "sha256:90f2f3c19dfda1b5eb50d87d82ccbc20511ca4f02c4878553c56edc711e39689"},
]

[[package]]
name = "ordered-set"
version = "4.1.0"
description = "An OrderedSet is a custom MutableSet that remembers its order, so that every"
category = "main"
optional = false
python-versions = ">=3.7"
files = [
    {file = "ordered-set-4.1.0.tar.gz", hash = "sha256:694a8e44c87657c59292ede72891eb91d34131f6531463aab3009191c77364a8"},
    {file = "ordered_set-4.1.0-py3-none-any.whl", hash = "sha256:046e1132c71fcf3330438a539928932caf51ddbc582496833e23de611de14562"},
]

[package.extras]
dev = ["black", "mypy", "pytest"]

[[package]]
name = "orjson"
version = "3.8.6"
description = "Fast, correct Python JSON library supporting dataclasses, datetimes, and numpy"
category = "main"
optional = false
python-versions = ">=3.7"
files = [
    {file = "orjson-3.8.6-cp310-cp310-macosx_10_7_x86_64.whl", hash = "sha256:062a9a74c10c439acc35cf67f31ac88d9464a11025700bab421e6cdf54a54a35"},
    {file = "orjson-3.8.6-cp310-cp310-macosx_10_9_x86_64.macosx_11_0_arm64.macosx_10_9_universal2.whl", hash = "sha256:692c255109867cc8211267f4416d2915845273bf4f403bbca5419f5b15ac9175"},
    {file = "orjson-3.8.6-cp310-cp310-manylinux_2_17_aarch64.manylinux2014_aarch64.whl", hash = "sha256:4a20905c7a5ebc280343704c4dd19343ef966c9dea5a38ade6e0461a6deb8eda"},
    {file = "orjson-3.8.6-cp310-cp310-manylinux_2_17_armv7l.manylinux2014_armv7l.whl", hash = "sha256:34ce4a8b8f0fea483bce6985c015953f475540b7d756efd48a571b1803c318ee"},
    {file = "orjson-3.8.6-cp310-cp310-manylinux_2_17_x86_64.manylinux2014_x86_64.whl", hash = "sha256:e57ecad7616ec842d8c382ed42a778cdcdadc67cfb46b804b43079f937b63b31"},
    {file = "orjson-3.8.6-cp310-cp310-manylinux_2_28_x86_64.whl", hash = "sha256:323065cf14fdd4096dbf93ea1634e7e030044af8c1000803bcdc132fbfd395f5"},
    {file = "orjson-3.8.6-cp310-cp310-musllinux_1_1_aarch64.whl", hash = "sha256:4cb4f37fca8cf8309de421634447437f229bc03b240cec8ad4ac241fd4b1bcf4"},
    {file = "orjson-3.8.6-cp310-cp310-musllinux_1_1_x86_64.whl", hash = "sha256:32353b14c5e0b55b6a8759e993482a2d8c44d492489840718b74658de67671e2"},
    {file = "orjson-3.8.6-cp310-none-win_amd64.whl", hash = "sha256:3e44f78db3a15902b5e8386119979691ed3dd61d1ded10bad2c7106fd50641ef"},
    {file = "orjson-3.8.6-cp311-cp311-macosx_10_7_x86_64.whl", hash = "sha256:c59ec129d523abd4f2d65c0733d0e57af7dd09c69142f1aa564b04358f04ace3"},
    {file = "orjson-3.8.6-cp311-cp311-macosx_10_9_x86_64.macosx_11_0_arm64.macosx_10_9_universal2.whl", hash = "sha256:d44d89314a66e98e690ce64c8771d963eb64ae6cea662d0a1d077ed024627228"},
    {file = "orjson-3.8.6-cp311-cp311-manylinux_2_17_aarch64.manylinux2014_aarch64.whl", hash = "sha256:865ef341c4d310ac2689bf811dbc0930b2f13272f8eade1511dc40b186f6d562"},
    {file = "orjson-3.8.6-cp311-cp311-manylinux_2_17_armv7l.manylinux2014_armv7l.whl", hash = "sha256:52809a37a0daa6992835ee0625aca22b4c0693dba3cb465948e6c9796de927b0"},
    {file = "orjson-3.8.6-cp311-cp311-manylinux_2_17_x86_64.manylinux2014_x86_64.whl", hash = "sha256:1d7402121d06d11fafcaed7d06f9d68b11bbe39868e0e1bc19239ee5b6b98b2b"},
    {file = "orjson-3.8.6-cp311-cp311-manylinux_2_28_x86_64.whl", hash = "sha256:583338b7dabb509ca4c3b4f160f58a5228bf6c6e0f8a2981663f683791f39d45"},
    {file = "orjson-3.8.6-cp311-none-win_amd64.whl", hash = "sha256:4a6c0a0ef2f535ba7a5d01f014b53d05eeb372d43556edb25c75a4d52690a123"},
    {file = "orjson-3.8.6-cp37-cp37m-macosx_10_7_x86_64.whl", hash = "sha256:9d35573e7f5817a26d8ce1134c3463d31bc3b39aad3ad7ae06bb67d6078fa9c0"},
    {file = "orjson-3.8.6-cp37-cp37m-macosx_10_9_x86_64.macosx_11_0_arm64.macosx_10_9_universal2.whl", hash = "sha256:94d8fdc12adc0450994931d722cb38be5e4caa273219881abb96c15a9e9f151f"},
    {file = "orjson-3.8.6-cp37-cp37m-manylinux_2_17_aarch64.manylinux2014_aarch64.whl", hash = "sha256:e8fc43bfb73d394b9bf12062cd6dab72abf728ac7869f972e4bb7327fd3330b8"},
    {file = "orjson-3.8.6-cp37-cp37m-manylinux_2_17_armv7l.manylinux2014_armv7l.whl", hash = "sha256:a38387387139695a7e52b9f568e39c1632b22eb34939afc5efed265fa8277b84"},
    {file = "orjson-3.8.6-cp37-cp37m-manylinux_2_17_x86_64.manylinux2014_x86_64.whl", hash = "sha256:8e048c6df7453c3da4de10fa5c44f6c655b157b712628888ce880cd5bbf30013"},
    {file = "orjson-3.8.6-cp37-cp37m-manylinux_2_28_x86_64.whl", hash = "sha256:d3b0950d792b25c0aa52505faf09237fd98136d09616a0837f7cdb0fde9e2730"},
    {file = "orjson-3.8.6-cp37-cp37m-musllinux_1_1_aarch64.whl", hash = "sha256:38bc8a388080d8fd297388bcff4939e350ffafe4a006567e0dd81cdb8c7b86fa"},
    {file = "orjson-3.8.6-cp37-cp37m-musllinux_1_1_x86_64.whl", hash = "sha256:5b3251ab7113f2400d76f2b4a2d6592e7d5a5cf45fa948c894340553671ef8f1"},
    {file = "orjson-3.8.6-cp37-none-win_amd64.whl", hash = "sha256:2c83a33cf389fd286bd9ef0befc406307444b9553d2e9ba14b90b9332524cfa6"},
    {file = "orjson-3.8.6-cp38-cp38-macosx_10_7_x86_64.whl", hash = "sha256:53f51c23398cfe818d9bb09079d31a60c6cd77e7eee1d555cfcc735460db4190"},
    {file = "orjson-3.8.6-cp38-cp38-macosx_10_9_x86_64.macosx_11_0_arm64.macosx_10_9_universal2.whl", hash = "sha256:6190e23a2fb9fc78228b289b3ec295094671ca0299319c8c72727aa9e7dbe06f"},
    {file = "orjson-3.8.6-cp38-cp38-manylinux_2_17_aarch64.manylinux2014_aarch64.whl", hash = "sha256:61fff8a8b4cd4e489b291fe5105b6138b1831490f1a0dc726d5e17ebe811d595"},
    {file = "orjson-3.8.6-cp38-cp38-manylinux_2_17_armv7l.manylinux2014_armv7l.whl", hash = "sha256:c192813f527f886bd85abc5a9e8d9dde16ffa06d7305de526a7c4657730dbf4e"},
    {file = "orjson-3.8.6-cp38-cp38-manylinux_2_17_x86_64.manylinux2014_x86_64.whl", hash = "sha256:aae1487fba9d955b2679f0a697665ed8fc32563b3252acc240e097184c184e29"},
    {file = "orjson-3.8.6-cp38-cp38-manylinux_2_28_x86_64.whl", hash = "sha256:cd2bd48e9a14f2130790a3c2dcb897bd93c2e5c244919799430a6d9b8212cb50"},
    {file = "orjson-3.8.6-cp38-cp38-musllinux_1_1_aarch64.whl", hash = "sha256:006178fd654a0a4f14f5912b8320ba9a26ab9c0ae7ce1c7eeb4b5249d6cada29"},
    {file = "orjson-3.8.6-cp38-cp38-musllinux_1_1_x86_64.whl", hash = "sha256:9d5ad2fddccc89ab64b6333823b250ce8430fc51f014954e5a2d4c933f5deb9f"},
    {file = "orjson-3.8.6-cp38-none-win_amd64.whl", hash = "sha256:aef3d558f5bd809733ebf2cbce7e1338ce62812db317478427236b97036aba0f"},
    {file = "orjson-3.8.6-cp39-cp39-macosx_10_7_x86_64.whl", hash = "sha256:7d216a5f3d23eac2c7c654e7bd30280c27cdf5edc32325e6ad8e880d36c265b7"},
    {file = "orjson-3.8.6-cp39-cp39-macosx_10_9_x86_64.macosx_11_0_arm64.macosx_10_9_universal2.whl", hash = "sha256:004122c95e08db7201b80224de3a8f2ad79b9717040e6884c6015f27b010127d"},
    {file = "orjson-3.8.6-cp39-cp39-manylinux_2_17_aarch64.manylinux2014_aarch64.whl", hash = "sha256:006c492577ad046cb7e50237a8d8935131a35f7e7f8320fbc3514da6fbc0b436"},
    {file = "orjson-3.8.6-cp39-cp39-manylinux_2_17_armv7l.manylinux2014_armv7l.whl", hash = "sha256:67554103b415349b6ee2db82d2422da1c8f4c2d280d20772217f6d1d227410b6"},
    {file = "orjson-3.8.6-cp39-cp39-manylinux_2_17_x86_64.manylinux2014_x86_64.whl", hash = "sha256:caa5053f19584816f063c887d94385db481fc01d995d6a717ce4fbb929653ec2"},
    {file = "orjson-3.8.6-cp39-cp39-manylinux_2_28_x86_64.whl", hash = "sha256:2bdd64566870a8a0bdcf8c7df2f4452391dd55070f5cd98cc581914e8c263d85"},
    {file = "orjson-3.8.6-cp39-cp39-musllinux_1_1_aarch64.whl", hash = "sha256:550a4dec128d1adfd0262ef9ad7878d62d1cc0bddaaa05e41d8ca28414dc86bc"},
    {file = "orjson-3.8.6-cp39-cp39-musllinux_1_1_x86_64.whl", hash = "sha256:d3f5ad9442e8a99fb436279a8614a00aca272ea8dabb692cadee70a4874d6e03"},
    {file = "orjson-3.8.6-cp39-none-win_amd64.whl", hash = "sha256:aa7b112e3273d1744f7bc983ffd3dd0d004062c69dfa68e119515a7e115c46c8"},
    {file = "orjson-3.8.6.tar.gz", hash = "sha256:91ef8a554d33fbc5bb61c3972f3e8baa994f72c4967671e64e7dac1cc06f50e1"},
]

[[package]]
name = "pdbr"
version = "0.7.1"
description = "Pdb with Rich library."
category = "main"
optional = false
python-versions = ">=3.7.9,<4.0.0"
files = [
    {file = "pdbr-0.7.1-py3-none-any.whl", hash = "sha256:39fedce0a4dfd5a45bbc7a8f9d69924404ce414d39f6d6b83212b0711db46535"},
    {file = "pdbr-0.7.1.tar.gz", hash = "sha256:9c9bd8856b668077a046a07860f8316f356e9e5e776874d9adf3915bb87a50c6"},
]

[package.dependencies]
icecream = ">=2.1.0,<3.0.0"
pyreadline = {version = ">=2.1,<3.0", markers = "sys_platform == \"win32\""}
rich = ">=12.0.0,<13.0.0"
sqlparse = ">=0.4.2,<0.5.0"

[package.extras]
celery = ["celery (>=5.2.2,<6.0.0)"]
ipython = ["ipython (>=7.7,<8.0)"]

[[package]]
name = "pure-eval"
version = "0.2.2"
description = "Safely evaluate AST nodes without side effects"
category = "main"
optional = false
python-versions = "*"
files = [
    {file = "pure_eval-0.2.2-py3-none-any.whl", hash = "sha256:01eaab343580944bc56080ebe0a674b39ec44a945e6d09ba7db3cb8cec289350"},
    {file = "pure_eval-0.2.2.tar.gz", hash = "sha256:2b45320af6dfaa1750f543d714b6d1c520a1688dec6fd24d339063ce0aaa9ac3"},
]

[package.extras]
tests = ["pytest"]

[[package]]
name = "pygments"
version = "2.12.0"
description = "Pygments is a syntax highlighting package written in Python."
category = "main"
optional = false
python-versions = ">=3.6"
files = [
    {file = "Pygments-2.12.0-py3-none-any.whl", hash = "sha256:dc9c10fb40944260f6ed4c688ece0cd2048414940f1cea51b8b226318411c519"},
    {file = "Pygments-2.12.0.tar.gz", hash = "sha256:5eb116118f9612ff1ee89ac96437bb6b49e8f04d8a13b514ba26f620208e26eb"},
]

[[package]]
name = "pyreadline"
version = "2.1"
description = "A python implmementation of GNU readline."
category = "main"
optional = false
python-versions = "*"
files = [
    {file = "pyreadline-2.1.zip", hash = "sha256:4530592fc2e85b25b1a9f79664433da09237c1a270e4d78ea5aa3a2c7229e2d1"},
]

[[package]]
name = "rich"
version = "12.5.1"
description = "Render rich text, tables, progress bars, syntax highlighting, markdown and more to the terminal"
category = "main"
optional = false
python-versions = ">=3.6.3,<4.0.0"
files = [
    {file = "rich-12.5.1-py3-none-any.whl", hash = "sha256:2eb4e6894cde1e017976d2975ac210ef515d7548bc595ba20e195fb9628acdeb"},
    {file = "rich-12.5.1.tar.gz", hash = "sha256:63a5c5ce3673d3d5fbbf23cd87e11ab84b6b451436f1b7f19ec54b6bc36ed7ca"},
]

[package.dependencies]
commonmark = ">=0.9.0,<0.10.0"
pygments = ">=2.6.0,<3.0.0"
typing-extensions = {version = ">=4.0.0,<5.0", markers = "python_version < \"3.9\""}

[package.extras]
jupyter = ["ipywidgets (>=7.5.1,<8.0.0)"]

[[package]]
name = "six"
version = "1.16.0"
description = "Python 2 and 3 compatibility utilities"
category = "main"
optional = false
python-versions = ">=2.7, !=3.0.*, !=3.1.*, !=3.2.*"
files = [
    {file = "six-1.16.0-py2.py3-none-any.whl", hash = "sha256:8abb2f1d86890a2dfb989f9a77cfcfd3e47c2a354b01111771326f8aa26e0254"},
    {file = "six-1.16.0.tar.gz", hash = "sha256:1e61c37477a1626458e36f7b1d82aa5c9b094fa4802892072e49de9c60c4c926"},
]

[[package]]
name = "snoop"
version = "0.4.1"
description = "Powerful debugging tools for Python"
category = "main"
optional = false
python-versions = "*"
files = [
    {file = "snoop-0.4.1-py2.py3-none-any.whl", hash = "sha256:8612b5c3fdfe6ebb28502f38111d552cbba4a7092db80d5924e5492decd6b4ec"},
    {file = "snoop-0.4.1.tar.gz", hash = "sha256:425bcc620fa77d70cd9e3f82d1c2191966956949374c0eb23dae4ed110dad9cd"},
]

[package.dependencies]
asttokens = "*"
cheap-repr = ">=0.4.0"
executing = "*"
pygments = "*"
six = "*"

[package.extras]
tests = ["Django", "birdseye", "littleutils", "numpy (>=1.16.5)", "pandas (>=0.24.2)", "pprintpp", "prettyprinter", "pytest", "pytest-order", "pytest-order (<=0.11.0)"]

[[package]]
name = "sqlparse"
version = "0.4.2"
description = "A non-validating SQL parser."
category = "main"
optional = false
python-versions = ">=3.5"
files = [
    {file = "sqlparse-0.4.2-py3-none-any.whl", hash = "sha256:48719e356bb8b42991bdbb1e8b83223757b93789c00910a616a071910ca4a64d"},
    {file = "sqlparse-0.4.2.tar.gz", hash = "sha256:0c00730c74263a94e5a9919ade150dfc3b19c574389985446148402998287dae"},
]

[[package]]
name = "stack-data"
version = "0.3.0"
description = "Extract data from python stack frames and tracebacks for informative displays"
category = "main"
optional = false
python-versions = "*"
files = [
    {file = "stack_data-0.3.0-py3-none-any.whl", hash = "sha256:aa1d52d14d09c7a9a12bb740e6bdfffe0f5e8f4f9218d85e7c73a8c37f7ae38d"},
    {file = "stack_data-0.3.0.tar.gz", hash = "sha256:77bec1402dcd0987e9022326473fdbcc767304892a533ed8c29888dacb7dddbc"},
]

[package.dependencies]
asttokens = "*"
executing = "*"
pure-eval = "*"

[package.extras]
tests = ["cython", "littleutils", "pygments", "pytest", "typeguard"]

[[package]]
name = "typing-extensions"
version = "4.3.0"
description = "Backported and Experimental Type Hints for Python 3.7+"
category = "main"
optional = false
python-versions = ">=3.7"
files = [
    {file = "typing_extensions-4.3.0-py3-none-any.whl", hash = "sha256:25642c956049920a5aa49edcdd6ab1e06d7e5d467fc00e0506c44ac86fbfca02"},
    {file = "typing_extensions-4.3.0.tar.gz", hash = "sha256:e6d2677a32f47fc7eb2795db1dd15c1f34eff616bcaf2cfb5e997f854fa1c4a6"},
]

[[package]]
name = "watchpoints"
version = "0.2.5"
description = "watchpoints monitors read and write on variables"
category = "main"
optional = false
python-versions = ">=3.6"
files = [
    {file = "watchpoints-0.2.5-py3-none-any.whl", hash = "sha256:4c5b9e94b281939c66183579f8c1b7900caf6cd16a10a95d3646814f12bad8d5"},
    {file = "watchpoints-0.2.5.tar.gz", hash = "sha256:779aac67aa7263b1ec110b4eee1abafbd49ad14aaa52c64e1e0867b62b35383c"},
]

[package.dependencies]
objprint = ">=0.1.3"

[extras]
full = ["watchpoints", "deepdiff", "pdbr", "inputimeout"]
no-pdbr = ["watchpoints", "deepdiff"]

[metadata]
lock-version = "2.0"
python-versions = "^3.7.12"
content-hash = "19d9ee7e3f4aaf2f2e40c4c684077ea488d175c43babb8802543a78195437ecc"
