[[package]]
name = "asttokens"
version = "2.0.5"
description = "Annotate AST trees with source code positions"
category = "main"
optional = false
python-versions = "*"

[package.dependencies]
six = "*"

[package.extras]
test = ["astroid", "pytest"]

[[package]]
name = "cheap-repr"
version = "0.5.1"
description = "Better version of repr/reprlib for short, cheap string representations."
category = "main"
optional = false
python-versions = "*"

[package.extras]
tests = ["pytest", "django", "pandas (>=0.24.2)", "numpy (>=1.16.3)", "chainmap", "Django (<2)", "pandas (>=0.24.2,<0.25)", "numpy (>=1.16.3,<1.17)", "Django (<3)", "pandas (>=0.24.2,<0.26)", "numpy (>=1.16.3,<1.19)"]

[[package]]
name = "colorama"
version = "0.4.4"
description = "Cross-platform colored terminal text."
category = "main"
optional = false
python-versions = ">=2.7, !=3.0.*, !=3.1.*, !=3.2.*, !=3.3.*, !=3.4.*"

[[package]]
name = "commonmark"
version = "0.9.1"
description = "Python parser for the CommonMark Markdown spec"
category = "main"
optional = false
python-versions = "*"

[package.extras]
test = ["flake8 (==3.7.8)", "hypothesis (==3.55.3)"]

[[package]]
name = "deepdiff"
version = "5.8.0"
description = "Deep Difference and Search of any Python object/data."
category = "main"
optional = true
python-versions = ">=3.6"

[package.dependencies]
ordered-set = ">=4.1.0,<4.2.0"

[package.extras]
cli = ["click (==8.0.3)", "pyyaml (==5.4.1)", "toml (==0.10.2)", "clevercsv (==0.7.1)"]

[[package]]
name = "executing"
version = "0.8.2"
description = "Get the currently executing AST node of a frame, and other information"
category = "main"
optional = false
python-versions = "*"

[[package]]
name = "friendly-traceback"
version = "0.5.23"
description = "Friendlier tracebacks in any language."
category = "main"
optional = false
python-versions = ">=3.6"

[package.dependencies]
asttokens = ">=2.0.4"
executing = ">=0.7.0"
pure-eval = ">=0.2.1"
stack-data = ">=0.1.3"

[[package]]
name = "icecream"
version = "2.1.1"
description = "Never use print() to debug again; inspect variables, expressions, and program execution with a single, simple function call."
category = "main"
optional = false
python-versions = "*"

[package.dependencies]
asttokens = ">=2.0.1"
colorama = ">=0.3.9"
executing = ">=0.3.1"
pygments = ">=2.2.0"

[[package]]
name = "inputimeout"
version = "1.0.4"
description = "Multi platform standard input with timeout"
category = "main"
optional = true
python-versions = ">=3.4"

[[package]]
name = "objprint"
version = "0.2.0"
description = "A library that can print Python objects in human readable format"
category = "main"
optional = true
python-versions = ">=3.6"

[[package]]
name = "ordered-set"
version = "4.1.0"
description = "An OrderedSet is a custom MutableSet that remembers its order, so that every"
category = "main"
optional = true
python-versions = ">=3.7"

[package.extras]
dev = ["pytest", "black", "mypy"]

[[package]]
name = "pdbr"
version = "0.6.9"
description = "Pdb with Rich library."
category = "main"
optional = true
python-versions = ">=3.7.12,<4.0.0"

[package.dependencies]
icecream = ">=2.1.0,<3.0.0"
pyreadline = {version = ">=2.1,<3.0", markers = "sys_platform == \"win32\""}
rich = ">=10.0.0,<11.0.0"
sqlparse = ">=0.4.2,<0.5.0"

[package.extras]
celery = ["celery (>=5.2.2,<6.0.0)"]
ipython = ["ipython (>=7.7,<8.0)"]

[[package]]
name = "pure-eval"
version = "0.2.2"
description = "Safely evaluate AST nodes without side effects"
category = "main"
optional = false
python-versions = "*"

[package.extras]
tests = ["pytest"]

[[package]]
name = "pygments"
version = "2.11.2"
description = "Pygments is a syntax highlighting package written in Python."
category = "main"
optional = false
python-versions = ">=3.5"

[[package]]
name = "pyreadline"
version = "2.1"
description = "A python implmementation of GNU readline."
category = "main"
optional = true
python-versions = "*"

[[package]]
name = "rich"
version = "10.16.2"
description = "Render rich text, tables, progress bars, syntax highlighting, markdown and more to the terminal"
category = "main"
optional = false
python-versions = ">=3.6.2,<4.0.0"

[package.dependencies]
colorama = ">=0.4.0,<0.5.0"
commonmark = ">=0.9.0,<0.10.0"
pygments = ">=2.6.0,<3.0.0"
typing-extensions = {version = ">=3.7.4,<5.0", markers = "python_version < \"3.8\""}

[package.extras]
jupyter = ["ipywidgets (>=7.5.1,<8.0.0)"]

[[package]]
name = "six"
version = "1.16.0"
description = "Python 2 and 3 compatibility utilities"
category = "main"
optional = false
python-versions = ">=2.7, !=3.0.*, !=3.1.*, !=3.2.*"

[[package]]
name = "snoop"
version = "0.4.1"
description = "Powerful debugging tools for Python"
category = "main"
optional = false
python-versions = "*"

[package.dependencies]
asttokens = "*"
cheap-repr = ">=0.4.0"
executing = "*"
pygments = "*"
six = "*"

[package.extras]
tests = ["pytest", "littleutils", "prettyprinter", "pprintpp", "pandas (>=0.24.2)", "numpy (>=1.16.5)", "birdseye", "pytest-order (<=0.11.0)", "django", "pytest-order"]

[[package]]
name = "sqlparse"
version = "0.4.2"
description = "A non-validating SQL parser."
category = "main"
optional = true
python-versions = ">=3.5"

[[package]]
name = "stack-data"
version = "0.1.4"
description = "Extract data from python stack frames and tracebacks for informative displays"
category = "main"
optional = false
python-versions = "*"

[package.dependencies]
asttokens = "*"
executing = "*"
pure-eval = "*"

[package.extras]
tests = ["pytest", "typeguard", "pygments", "littleutils"]

[[package]]
name = "typing-extensions"
version = "4.0.1"
description = "Backported and Experimental Type Hints for Python 3.6+"
category = "main"
optional = false
python-versions = ">=3.6"

[[package]]
name = "watchpoints"
version = "0.2.5"
description = "watchpoints monitors read and write on variables"
category = "main"
optional = true
python-versions = ">=3.6"

[package.dependencies]
objprint = ">=0.1.3"

[extras]
full = ["watchpoints", "deepdiff", "pdbr", "inputimeout"]
no-pdbr = ["watchpoints"]

[metadata]
lock-version = "1.1"
python-versions = ">=3.7.12,<4.0"
content-hash = "f6b43fd843b913279c8bfaa9bf5b1792a23f2b70ec3dfc89fc5ea0645aa6643e"

[metadata.files]
asttokens = [
    {file = "asttokens-2.0.5-py2.py3-none-any.whl", hash = "sha256:0844691e88552595a6f4a4281a9f7f79b8dd45ca4ccea82e5e05b4bbdb76705c"},
    {file = "asttokens-2.0.5.tar.gz", hash = "sha256:9a54c114f02c7a9480d56550932546a3f1fe71d8a02f1bc7ccd0ee3ee35cf4d5"},
]
cheap-repr = [
    {file = "cheap_repr-0.5.1-py2.py3-none-any.whl", hash = "sha256:30096998aeb49367a4a153988d7a99dce9dc59bbdd4b19740da6b4f3f97cf2ff"},
    {file = "cheap_repr-0.5.1.tar.gz", hash = "sha256:31ec63b9d8394aa23d746c8376c8307f75f9fca0b983566b8bcf13cc661fe6dd"},
]
colorama = [
    {file = "colorama-0.4.4-py2.py3-none-any.whl", hash = "sha256:9f47eda37229f68eee03b24b9748937c7dc3868f906e8ba69fbcbdd3bc5dc3e2"},
    {file = "colorama-0.4.4.tar.gz", hash = "sha256:5941b2b48a20143d2267e95b1c2a7603ce057ee39fd88e7329b0c292aa16869b"},
]
commonmark = [
    {file = "commonmark-0.9.1-py2.py3-none-any.whl", hash = "sha256:da2f38c92590f83de410ba1a3cbceafbc74fee9def35f9251ba9a971d6d66fd9"},
    {file = "commonmark-0.9.1.tar.gz", hash = "sha256:452f9dc859be7f06631ddcb328b6919c67984aca654e5fefb3914d54691aed60"},
]
deepdiff = [
    {file = "deepdiff-5.8.0-py3-none-any.whl", hash = "sha256:6b71714a6a5fb4cd6ab74c97f53303029118f96128082422342a9129a5f25c8f"},
    {file = "deepdiff-5.8.0.tar.gz", hash = "sha256:7e641c0cd6429c9e1b64a07b8f7713382a5626afe18c72bcafa8a4343c05c701"},
]
executing = [
    {file = "executing-0.8.2-py2.py3-none-any.whl", hash = "sha256:32fc6077b103bd19e6494a72682d66d5763cf20a106d5aa7c5ccbea4e47b0df7"},
    {file = "executing-0.8.2.tar.gz", hash = "sha256:c23bf42e9a7b9b212f185b1b2c3c91feb895963378887bb10e64a2e612ec0023"},
]
friendly-traceback = [
    {file = "friendly-traceback-0.5.23.tar.gz", hash = "sha256:4353e315566d6952013c85b1f09553c5b6f87bcf646c163971d5610b1b262fb6"},
    {file = "friendly_traceback-0.5.23-py3-none-any.whl", hash = "sha256:355aaebc8fe8d2a274428a3088ca63f88f70334be2a209f7c145ac0a0b7b40c2"},
]
icecream = [
    {file = "icecream-2.1.1-py2.py3-none-any.whl", hash = "sha256:adc1c48f5a4f83b2171c774a35142f217d317a84fca8cdf3fc65aa1321ff26b6"},
    {file = "icecream-2.1.1.tar.gz", hash = "sha256:47e00e3f4e8477996e7dc420b6fa8ba53f8ced17de65320fedb5b15997b76589"},
]
inputimeout = [
    {file = "inputimeout-1.0.4-py3-none-any.whl", hash = "sha256:f4e23d27753cfc25268eefc8d52a3edc46280ad831d226617c51882423475a43"},
]
objprint = [
    {file = "objprint-0.2.0-py3-none-any.whl", hash = "sha256:bce2e9787b9f88e9e4b9b2a2a633065f55be890b5e8ca28211d06277ddc521ee"},
    {file = "objprint-0.2.0.tar.gz", hash = "sha256:5a40b03a71ea490f6279e3c14838f9dc5ce1a74e2769369755a04dec1f2c0f08"},
]
ordered-set = [
    {file = "ordered-set-4.1.0.tar.gz", hash = "sha256:694a8e44c87657c59292ede72891eb91d34131f6531463aab3009191c77364a8"},
    {file = "ordered_set-4.1.0-py3-none-any.whl", hash = "sha256:046e1132c71fcf3330438a539928932caf51ddbc582496833e23de611de14562"},
]
pdbr = [
    {file = "pdbr-0.6.9-py3-none-any.whl", hash = "sha256:97fee68ddd2ce3c516b3132b3de905c096b3f27717f8f364758d9f93756e9fcf"},
    {file = "pdbr-0.6.9.tar.gz", hash = "sha256:4e6af027106013c4f016afa4207d0033f345c40053f81de51c660fc10c536495"},
]
pure-eval = [
    {file = "pure_eval-0.2.2-py3-none-any.whl", hash = "sha256:01eaab343580944bc56080ebe0a674b39ec44a945e6d09ba7db3cb8cec289350"},
    {file = "pure_eval-0.2.2.tar.gz", hash = "sha256:2b45320af6dfaa1750f543d714b6d1c520a1688dec6fd24d339063ce0aaa9ac3"},
]
pygments = [
    {file = "Pygments-2.11.2-py3-none-any.whl", hash = "sha256:44238f1b60a76d78fc8ca0528ee429702aae011c265fe6a8dd8b63049ae41c65"},
    {file = "Pygments-2.11.2.tar.gz", hash = "sha256:4e426f72023d88d03b2fa258de560726ce890ff3b630f88c21cbb8b2503b8c6a"},
]
pyreadline = [
    {file = "pyreadline-2.1.win-amd64.exe", hash = "sha256:9ce5fa65b8992dfa373bddc5b6e0864ead8f291c94fbfec05fbd5c836162e67b"},
    {file = "pyreadline-2.1.win32.exe", hash = "sha256:65540c21bfe14405a3a77e4c085ecfce88724743a4ead47c66b84defcf82c32e"},
    {file = "pyreadline-2.1.zip", hash = "sha256:4530592fc2e85b25b1a9f79664433da09237c1a270e4d78ea5aa3a2c7229e2d1"},
]
rich = [
    {file = "rich-10.16.2-py3-none-any.whl", hash = "sha256:c59d73bd804c90f747c8d7b1d023b88f2a9ac2454224a4aeaf959b21eeb42d03"},
    {file = "rich-10.16.2.tar.gz", hash = "sha256:720974689960e06c2efdb54327f8bf0cdbdf4eae4ad73b6c94213cad405c371b"},
]
six = [
    {file = "six-1.16.0-py2.py3-none-any.whl", hash = "sha256:8abb2f1d86890a2dfb989f9a77cfcfd3e47c2a354b01111771326f8aa26e0254"},
    {file = "six-1.16.0.tar.gz", hash = "sha256:1e61c37477a1626458e36f7b1d82aa5c9b094fa4802892072e49de9c60c4c926"},
]
snoop = [
    {file = "snoop-0.4.1-py2.py3-none-any.whl", hash = "sha256:8612b5c3fdfe6ebb28502f38111d552cbba4a7092db80d5924e5492decd6b4ec"},
    {file = "snoop-0.4.1.tar.gz", hash = "sha256:425bcc620fa77d70cd9e3f82d1c2191966956949374c0eb23dae4ed110dad9cd"},
]
sqlparse = [
    {file = "sqlparse-0.4.2-py3-none-any.whl", hash = "sha256:48719e356bb8b42991bdbb1e8b83223757b93789c00910a616a071910ca4a64d"},
    {file = "sqlparse-0.4.2.tar.gz", hash = "sha256:0c00730c74263a94e5a9919ade150dfc3b19c574389985446148402998287dae"},
]
stack-data = [
    {file = "stack_data-0.1.4-py3-none-any.whl", hash = "sha256:02cc0683cbc445ae4ca8c4e3a0e58cb1df59f252efb0aa016b34804a707cf9bc"},
    {file = "stack_data-0.1.4.tar.gz", hash = "sha256:7769ed2482ce0030e00175dd1bf4ef1e873603b6ab61cd3da443b410e64e9477"},
]
typing-extensions = [
    {file = "typing_extensions-4.0.1-py3-none-any.whl", hash = "sha256:7f001e5ac290a0c0401508864c7ec868be4e701886d5b573a9528ed3973d9d3b"},
    {file = "typing_extensions-4.0.1.tar.gz", hash = "sha256:4ca091dea149f945ec56afb48dae714f21e8692ef22a395223bcd328961b6a0e"},
]
watchpoints = [
    {file = "watchpoints-0.2.5-py3-none-any.whl", hash = "sha256:4c5b9e94b281939c66183579f8c1b7900caf6cd16a10a95d3646814f12bad8d5"},
    {file = "watchpoints-0.2.5.tar.gz", hash = "sha256:779aac67aa7263b1ec110b4eee1abafbd49ad14aaa52c64e1e0867b62b35383c"},
]
