[[package]]
name = "asttokens"
version = "2.0.5"
description = "Annotate AST trees with source code positions"
category = "main"
optional = false
python-versions = "*"

[package.dependencies]
six = "*"

[package.extras]
test = ["astroid", "pytest"]

[[package]]
name = "cheap-repr"
version = "0.5.1"
description = "Better version of repr/reprlib for short, cheap string representations."
category = "main"
optional = false
python-versions = "*"

[package.extras]
tests = ["numpy (>=1.16.3,<1.19)", "pandas (>=0.24.2,<0.26)", "Django (<3)", "numpy (>=1.16.3,<1.17)", "pandas (>=0.24.2,<0.25)", "Django (<2)", "chainmap", "numpy (>=1.16.3)", "pandas (>=0.24.2)", "django", "pytest"]

[[package]]
name = "colorama"
version = "0.4.5"
description = "Cross-platform colored terminal text."
category = "main"
optional = false
python-versions = ">=2.7, !=3.0.*, !=3.1.*, !=3.2.*, !=3.3.*, !=3.4.*"

[[package]]
name = "commonmark"
version = "0.9.1"
description = "Python parser for the CommonMark Markdown spec"
category = "main"
optional = false
python-versions = "*"

[package.extras]
test = ["hypothesis (==3.55.3)", "flake8 (==3.7.8)"]

[[package]]
name = "deepdiff"
version = "5.8.1"
description = "Deep Difference and Search of any Python object/data."
category = "main"
optional = false
python-versions = ">=3.6"

[package.dependencies]
ordered-set = ">=4.1.0,<4.2.0"

[package.extras]
cli = ["click (==8.0.3)", "pyyaml (==5.4.1)", "toml (==0.10.2)", "clevercsv (==0.7.1)"]

[[package]]
name = "executing"
version = "0.8.3"
description = "Get the currently executing AST node of a frame, and other information"
category = "main"
optional = false
python-versions = "*"

[[package]]
name = "friendly-traceback"
version = "0.5.46"
description = "Friendlier tracebacks in any language."
category = "main"
optional = false
python-versions = ">=3.6"

[package.dependencies]
asttokens = ">=2.0.4"
executing = ">=0.8.3"
pure-eval = ">=0.2.1"
stack-data = ">=0.2.0"

[[package]]
name = "icecream"
version = "2.1.2"
description = "Never use print() to debug again; inspect variables, expressions, and program execution with a single, simple function call."
category = "main"
optional = false
python-versions = "*"

[package.dependencies]
asttokens = ">=2.0.1"
colorama = ">=0.3.9"
executing = ">=0.3.1"
pygments = ">=2.2.0"

[[package]]
name = "inputimeout"
version = "1.0.4"
description = "Multi platform standard input with timeout"
category = "main"
optional = false
python-versions = ">=3.4"

[[package]]
name = "objprint"
version = "0.2.2"
description = "A library that can print Python objects in human readable format"
category = "main"
optional = false
python-versions = ">=3.6"

[[package]]
name = "ordered-set"
version = "4.1.0"
description = "An OrderedSet is a custom MutableSet that remembers its order, so that every"
category = "main"
optional = false
python-versions = ">=3.7"

[package.extras]
dev = ["pytest", "black", "mypy"]

[[package]]
name = "pdbr"
version = "0.7.2"
description = "Pdb with Rich library."
category = "main"
optional = false
python-versions = ">=3.7.9,<4.0.0"

[package.dependencies]
icecream = ">=2.1.0,<3.0.0"
pyreadline = {version = ">=2.1,<3.0", markers = "sys_platform == \"win32\""}
rich = ">=12.0.0,<13.0.0"
sqlparse = ">=0.4.2,<0.5.0"

[package.extras]
ipython = ["ipython"]
celery = ["celery (>=5.2.2,<6.0.0)"]

[[package]]
name = "pure-eval"
version = "0.2.2"
description = "Safely evaluate AST nodes without side effects"
category = "main"
optional = false
python-versions = "*"

[package.extras]
tests = ["pytest"]

[[package]]
name = "pygments"
version = "2.12.0"
description = "Pygments is a syntax highlighting package written in Python."
category = "main"
optional = false
python-versions = ">=3.6"

[[package]]
name = "pyreadline"
version = "2.1"
description = "A python implmementation of GNU readline."
category = "main"
optional = false
python-versions = "*"

[[package]]
name = "rich"
version = "12.5.1"
description = "Render rich text, tables, progress bars, syntax highlighting, markdown and more to the terminal"
category = "main"
optional = false
python-versions = ">=3.6.3,<4.0.0"

[package.dependencies]
commonmark = ">=0.9.0,<0.10.0"
pygments = ">=2.6.0,<3.0.0"
typing-extensions = {version = ">=4.0.0,<5.0", markers = "python_version < \"3.9\""}

[package.extras]
jupyter = ["ipywidgets (>=7.5.1,<8.0.0)"]

[[package]]
name = "six"
version = "1.16.0"
description = "Python 2 and 3 compatibility utilities"
category = "main"
optional = false
python-versions = ">=2.7, !=3.0.*, !=3.1.*, !=3.2.*"

[[package]]
name = "snoop"
version = "0.4.1"
description = "Powerful debugging tools for Python"
category = "main"
optional = false
python-versions = "*"

[package.dependencies]
asttokens = "*"
cheap-repr = ">=0.4.0"
executing = "*"
pygments = "*"
six = "*"

[package.extras]
tests = ["pytest-order", "django", "pytest-order (<=0.11.0)", "birdseye", "numpy (>=1.16.5)", "pandas (>=0.24.2)", "pprintpp", "prettyprinter", "littleutils", "pytest"]

[[package]]
name = "sqlparse"
version = "0.4.2"
description = "A non-validating SQL parser."
category = "main"
optional = false
python-versions = ">=3.5"

[[package]]
name = "stack-data"
version = "0.3.0"
description = "Extract data from python stack frames and tracebacks for informative displays"
category = "main"
optional = false
python-versions = "*"

[package.dependencies]
asttokens = "*"
executing = "*"
pure-eval = "*"

[package.extras]
tests = ["cython", "littleutils", "pygments", "typeguard", "pytest"]

[[package]]
name = "typing-extensions"
version = "4.3.0"
description = "Backported and Experimental Type Hints for Python 3.7+"
category = "main"
optional = false
python-versions = ">=3.7"

[[package]]
name = "watchpoints"
version = "0.2.5"
description = "watchpoints monitors read and write on variables"
category = "main"
optional = false
python-versions = ">=3.6"

[package.dependencies]
objprint = ">=0.1.3"

[extras]
full = ["watchpoints", "deepdiff", "pdbr", "inputimeout"]
no-pdbr = ["watchpoints", "deepdiff"]

[metadata]
lock-version = "1.1"
python-versions = "^3.7.12"
content-hash = "da88467e526bd1476669e4a68c3bab1d50716d220254783c840aaa7e712d1e55"

[metadata.files]
asttokens = [
    {file = "asttokens-2.0.5-py2.py3-none-any.whl", hash = "sha256:0844691e88552595a6f4a4281a9f7f79b8dd45ca4ccea82e5e05b4bbdb76705c"},
    {file = "asttokens-2.0.5.tar.gz", hash = "sha256:9a54c114f02c7a9480d56550932546a3f1fe71d8a02f1bc7ccd0ee3ee35cf4d5"},
]
cheap-repr = [
    {file = "cheap_repr-0.5.1-py2.py3-none-any.whl", hash = "sha256:30096998aeb49367a4a153988d7a99dce9dc59bbdd4b19740da6b4f3f97cf2ff"},
    {file = "cheap_repr-0.5.1.tar.gz", hash = "sha256:31ec63b9d8394aa23d746c8376c8307f75f9fca0b983566b8bcf13cc661fe6dd"},
]
colorama = [
    {file = "colorama-0.4.5-py2.py3-none-any.whl", hash = "sha256:854bf444933e37f5824ae7bfc1e98d5bce2ebe4160d46b5edf346a89358e99da"},
    {file = "colorama-0.4.5.tar.gz", hash = "sha256:e6c6b4334fc50988a639d9b98aa429a0b57da6e17b9a44f0451f930b6967b7a4"},
]
commonmark = [
    {file = "commonmark-0.9.1-py2.py3-none-any.whl", hash = "sha256:da2f38c92590f83de410ba1a3cbceafbc74fee9def35f9251ba9a971d6d66fd9"},
    {file = "commonmark-0.9.1.tar.gz", hash = "sha256:452f9dc859be7f06631ddcb328b6919c67984aca654e5fefb3914d54691aed60"},
]
deepdiff = [
    {file = "deepdiff-5.8.1-py3-none-any.whl", hash = "sha256:e9aea49733f34fab9a0897038d8f26f9d94a97db1790f1b814cced89e9e0d2b7"},
    {file = "deepdiff-5.8.1.tar.gz", hash = "sha256:8d4eb2c4e6cbc80b811266419cb71dd95a157094a3947ccf937a94d44943c7b8"},
]
executing = [
    {file = "executing-0.8.3-py2.py3-none-any.whl", hash = "sha256:d1eef132db1b83649a3905ca6dd8897f71ac6f8cac79a7e58a1a09cf137546c9"},
    {file = "executing-0.8.3.tar.gz", hash = "sha256:c6554e21c6b060590a6d3be4b82fb78f8f0194d809de5ea7df1c093763311501"},
]
friendly-traceback = [
    {file = "friendly-traceback-0.5.46.tar.gz", hash = "sha256:175865eb69ed624c8f6ed064a56a8d6d0803e5a8c2bfcf234176865b742432d8"},
    {file = "friendly_traceback-0.5.46-py3-none-any.whl", hash = "sha256:b2f43ea10846860a0381c7f343acb4b4678b2bc93fd1641287a1db9238306add"},
]
icecream = [
    {file = "icecream-2.1.2-py2.py3-none-any.whl", hash = "sha256:04b9cea4d9931cf6960db0430ebf11fa34464ce7152e384ddf50f96d25b201b4"},
    {file = "icecream-2.1.2.tar.gz", hash = "sha256:09300b2d1c678712410cbd47c95198eb1b580f66f311a554ccd6b9e758ece0ee"},
]
inputimeout = [
    {file = "inputimeout-1.0.4-py3-none-any.whl", hash = "sha256:f4e23d27753cfc25268eefc8d52a3edc46280ad831d226617c51882423475a43"},
]
objprint = [
    {file = "objprint-0.2.2-py3-none-any.whl", hash = "sha256:9f50bb3b7cbe95b6d22c79e4f08a5273e3f7e5ff5ce35e146f6e7854abd276a0"},
    {file = "objprint-0.2.2.tar.gz", hash = "sha256:90f2f3c19dfda1b5eb50d87d82ccbc20511ca4f02c4878553c56edc711e39689"},
]
ordered-set = [
    {file = "ordered-set-4.1.0.tar.gz", hash = "sha256:694a8e44c87657c59292ede72891eb91d34131f6531463aab3009191c77364a8"},
    {file = "ordered_set-4.1.0-py3-none-any.whl", hash = "sha256:046e1132c71fcf3330438a539928932caf51ddbc582496833e23de611de14562"},
]
pdbr = [
    {file = "pdbr-0.7.2-py3-none-any.whl", hash = "sha256:1e208888365c00e9baae0f10c3be301e2fa81b95934b9560aba773344def6a77"},
    {file = "pdbr-0.7.2.tar.gz", hash = "sha256:465e7aa17288a6afa97642bef4dbf30a1d9ebd759c17ccc7b7e068f6fd6ec83b"},
]
pure-eval = [
    {file = "pure_eval-0.2.2-py3-none-any.whl", hash = "sha256:01eaab343580944bc56080ebe0a674b39ec44a945e6d09ba7db3cb8cec289350"},
    {file = "pure_eval-0.2.2.tar.gz", hash = "sha256:2b45320af6dfaa1750f543d714b6d1c520a1688dec6fd24d339063ce0aaa9ac3"},
]
pygments = [
    {file = "Pygments-2.12.0-py3-none-any.whl", hash = "sha256:dc9c10fb40944260f6ed4c688ece0cd2048414940f1cea51b8b226318411c519"},
    {file = "Pygments-2.12.0.tar.gz", hash = "sha256:5eb116118f9612ff1ee89ac96437bb6b49e8f04d8a13b514ba26f620208e26eb"},
]
pyreadline = [
    {file = "pyreadline-2.1.win-amd64.exe", hash = "sha256:9ce5fa65b8992dfa373bddc5b6e0864ead8f291c94fbfec05fbd5c836162e67b"},
    {file = "pyreadline-2.1.win32.exe", hash = "sha256:65540c21bfe14405a3a77e4c085ecfce88724743a4ead47c66b84defcf82c32e"},
    {file = "pyreadline-2.1.zip", hash = "sha256:4530592fc2e85b25b1a9f79664433da09237c1a270e4d78ea5aa3a2c7229e2d1"},
]
rich = [
    {file = "rich-12.5.1-py3-none-any.whl", hash = "sha256:2eb4e6894cde1e017976d2975ac210ef515d7548bc595ba20e195fb9628acdeb"},
    {file = "rich-12.5.1.tar.gz", hash = "sha256:63a5c5ce3673d3d5fbbf23cd87e11ab84b6b451436f1b7f19ec54b6bc36ed7ca"},
]
six = [
    {file = "six-1.16.0-py2.py3-none-any.whl", hash = "sha256:8abb2f1d86890a2dfb989f9a77cfcfd3e47c2a354b01111771326f8aa26e0254"},
    {file = "six-1.16.0.tar.gz", hash = "sha256:1e61c37477a1626458e36f7b1d82aa5c9b094fa4802892072e49de9c60c4c926"},
]
snoop = [
    {file = "snoop-0.4.1-py2.py3-none-any.whl", hash = "sha256:8612b5c3fdfe6ebb28502f38111d552cbba4a7092db80d5924e5492decd6b4ec"},
    {file = "snoop-0.4.1.tar.gz", hash = "sha256:425bcc620fa77d70cd9e3f82d1c2191966956949374c0eb23dae4ed110dad9cd"},
]
sqlparse = [
    {file = "sqlparse-0.4.2-py3-none-any.whl", hash = "sha256:48719e356bb8b42991bdbb1e8b83223757b93789c00910a616a071910ca4a64d"},
    {file = "sqlparse-0.4.2.tar.gz", hash = "sha256:0c00730c74263a94e5a9919ade150dfc3b19c574389985446148402998287dae"},
]
stack-data = [
    {file = "stack_data-0.3.0-py3-none-any.whl", hash = "sha256:aa1d52d14d09c7a9a12bb740e6bdfffe0f5e8f4f9218d85e7c73a8c37f7ae38d"},
    {file = "stack_data-0.3.0.tar.gz", hash = "sha256:77bec1402dcd0987e9022326473fdbcc767304892a533ed8c29888dacb7dddbc"},
]
typing-extensions = [
    {file = "typing_extensions-4.3.0-py3-none-any.whl", hash = "sha256:25642c956049920a5aa49edcdd6ab1e06d7e5d467fc00e0506c44ac86fbfca02"},
    {file = "typing_extensions-4.3.0.tar.gz", hash = "sha256:e6d2677a32f47fc7eb2795db1dd15c1f34eff616bcaf2cfb5e997f854fa1c4a6"},
]
watchpoints = [
    {file = "watchpoints-0.2.5-py3-none-any.whl", hash = "sha256:4c5b9e94b281939c66183579f8c1b7900caf6cd16a10a95d3646814f12bad8d5"},
    {file = "watchpoints-0.2.5.tar.gz", hash = "sha256:779aac67aa7263b1ec110b4eee1abafbd49ad14aaa52c64e1e0867b62b35383c"},
]
